
Microsoft Visual Studio Solution File, Format Version 12.00
# Visual Studio Version 16
VisualStudioVersion = 16.0.30523.141
MinimumVisualStudioVersion = 10.0.40219.1
Project("{FAE04EC0-301F-11D3-BF4B-00C04F79EFBC}") = "Products", "Products\Products.csproj", "{515BC2E6-8075-483C-9071-E48F043277D5}"
EndProject
Global
	GlobalSection(SolutionConfigurationPlatforms) = preSolution
		Debug|Any CPU = Debug|Any CPU
		Release|Any CPU = Release|Any CPU
	EndGlobalSection
	GlobalSection(ProjectConfigurationPlatforms) = postSolution
		{515BC2E6-8075-483C-9071-E48F043277D5}.Debug|Any CPU.ActiveCfg = Debug|Any CPU
		{515BC2E6-8075-483C-9071-E48F043277D5}.Debug|Any CPU.Build.0 = Debug|Any CPU
		{515BC2E6-8075-483C-9071-E48F043277D5}.Release|Any CPU.ActiveCfg = Release|Any CPU
		{515BC2E6-8075-483C-9071-E48F043277D5}.Release|Any CPU.Build.0 = Release|Any CPU
	EndGlobalSection
	GlobalSection(SolutionProperties) = preSolution
		HideSolutionNode = FALSE
	EndGlobalSection
	GlobalSection(ExtensibilityGlobals) = postSolution
		SolutionGuid = {766685F8-0ED2-4125-9759-3EB19CE39087}
	EndGlobalSection
EndGlobal
